
Microsoft Visual Studio Solution File, Format Version 12.00
# Visual Studio Version 16
VisualStudioVersion = 16.0.32630.194
MinimumVisualStudioVersion = 10.0.40219.1
Project("{9A19103F-16F7-4668-BE54-9A1E7A4F7556}") = "libraryManager", "libraryManager\libraryManager.csproj", "{4F416C08-C89A-4055-8E72-4B6DBFA44AC0}"
EndProject
Project("{9A19103F-16F7-4668-BE54-9A1E7A4F7556}") = "tests", "tests\tests.csproj", "{9EF2F832-45E3-4BDA-AF05-1135CFD82C3E}"
EndProject
Project("{FAE04EC0-301F-11D3-BF4B-00C04F79EFBC}") = "libraryView", "libraryView\libraryView.csproj", "{8A14AE41-BD5E-4AC9-8B63-65747CD76C91}"
EndProject
Global
	GlobalSection(SolutionConfigurationPlatforms) = preSolution
		Debug|Any CPU = Debug|Any CPU
		Release|Any CPU = Release|Any CPU
	EndGlobalSection
	GlobalSection(ProjectConfigurationPlatforms) = postSolution
		{4F416C08-C89A-4055-8E72-4B6DBFA44AC0}.Debug|Any CPU.ActiveCfg = Debug|Any CPU
		{4F416C08-C89A-4055-8E72-4B6DBFA44AC0}.Debug|Any CPU.Build.0 = Debug|Any CPU
		{4F416C08-C89A-4055-8E72-4B6DBFA44AC0}.Release|Any CPU.ActiveCfg = Release|Any CPU
		{4F416C08-C89A-4055-8E72-4B6DBFA44AC0}.Release|Any CPU.Build.0 = Release|Any CPU
		{9EF2F832-45E3-4BDA-AF05-1135CFD82C3E}.Debug|Any CPU.ActiveCfg = Debug|Any CPU
		{9EF2F832-45E3-4BDA-AF05-1135CFD82C3E}.Debug|Any CPU.Build.0 = Debug|Any CPU
		{9EF2F832-45E3-4BDA-AF05-1135CFD82C3E}.Release|Any CPU.ActiveCfg = Release|Any CPU
		{9EF2F832-45E3-4BDA-AF05-1135CFD82C3E}.Release|Any CPU.Build.0 = Release|Any CPU
		{8A14AE41-BD5E-4AC9-8B63-65747CD76C91}.Debug|Any CPU.ActiveCfg = Debug|Any CPU
		{8A14AE41-BD5E-4AC9-8B63-65747CD76C91}.Debug|Any CPU.Build.0 = Debug|Any CPU
		{8A14AE41-BD5E-4AC9-8B63-65747CD76C91}.Release|Any CPU.ActiveCfg = Release|Any CPU
		{8A14AE41-BD5E-4AC9-8B63-65747CD76C91}.Release|Any CPU.Build.0 = Release|Any CPU
	EndGlobalSection
	GlobalSection(SolutionProperties) = preSolution
		HideSolutionNode = FALSE
	EndGlobalSection
	GlobalSection(ExtensibilityGlobals) = postSolution
		SolutionGuid = {BBD2563E-DB4A-4CAA-B890-569DEBAE9B91}
	EndGlobalSection
EndGlobal
